{
  "projects": [
    {
      "projectId": "9Vr5YWkf3w7jj6SsTcCEta",
      "version": "0.17.0",
      "dependencies": {},
      "lang": "ts",
      "fileLocks": [
        {
          "assetId": "9Vr5YWkf3w7jj6SsTcCEta",
          "type": "projectCss",
          "checksum": "fd97b5780f8a68a1561c8818e6d31f40"
        }
      ],
      "codegenVersion": "0.0.1"
    },
    {
      "projectId": "jkU633o1Cz7HrJdwdxhVHk",
      "version": "16.17.0",
      "dependencies": {},
      "lang": "ts",
      "fileLocks": [
        {
          "assetId": "jkU633o1Cz7HrJdwdxhVHk",
          "type": "projectCss",
          "checksum": "4250322c58aeb54fc6ad8403fde2b31b"
        }
      ],
      "codegenVersion": "0.0.1"
    },
    {
      "projectId": "kS7YGZfVr6mU43XDQjXELc",
      "version": "0.22.0",
      "dependencies": {},
      "lang": "ts",
      "fileLocks": [
        {
          "assetId": "kS7YGZfVr6mU43XDQjXELc",
          "type": "projectCss",
          "checksum": "fd97b5780f8a68a1561c8818e6d31f40"
        }
      ],
      "codegenVersion": "0.0.1"
    },
    {
      "projectId": "ohDidvG9XsCeFumugENU3J",
      "version": "6.33.0",
      "dependencies": {},
      "lang": "ts",
      "fileLocks": [
        {
          "assetId": "ohDidvG9XsCeFumugENU3J",
          "type": "projectCss",
          "checksum": "90d914ab6827da8f06873ac8ab81cbfa"
        },
        {
          "assetId": "ohDidvG9XsCeFumugENU3J",
          "checksum": "f9cc098ce5640eefe7d9edb8470a210c",
          "type": "globalContexts"
        }
      ],
      "codegenVersion": "0.0.1"
    },
    {
      "projectId": "bnESc3TseEAaV8kihUXG9L",
      "version": "latest",
      "dependencies": {
        "ohDidvG9XsCeFumugENU3J": "6.33.0",
        "kS7YGZfVr6mU43XDQjXELc": "0.22.0",
        "jkU633o1Cz7HrJdwdxhVHk": "16.17.0",
        "9Vr5YWkf3w7jj6SsTcCEta": "0.17.0"
      },
      "lang": "ts",
      "fileLocks": [
        {
          "type": "globalVariant",
          "assetId": "6vmip6b0TLI5",
          "checksum": "574f6640c086430662a32e7578275a3b"
        },
        {
          "assetId": "bnESc3TseEAaV8kihUXG9L",
          "type": "projectCss",
          "checksum": "47cb429abdd6d8084048b9ffbf623961"
        },
        {
          "assetId": "bnESc3TseEAaV8kihUXG9L",
          "checksum": "61ed251c43e75c0428ecc687c8eac089",
          "type": "globalContexts"
        },
        {
          "type": "renderModule",
          "assetId": "_Ti5WiJ9Lowu",
          "checksum": "20ba1de91ebc2afbee8f7402c3696db5"
        },
        {
          "type": "cssRules",
          "assetId": "_Ti5WiJ9Lowu",
          "checksum": "20ba1de91ebc2afbee8f7402c3696db5"
        },
        {
          "type": "renderModule",
          "assetId": "Bsr6RApEru4p",
          "checksum": "075a828eedb550e64765a6897af244b4"
        },
        {
          "type": "cssRules",
          "assetId": "Bsr6RApEru4p",
          "checksum": "075a828eedb550e64765a6897af244b4"
        },
        {
          "type": "renderModule",
          "assetId": "OykvhkrX0v5d",
          "checksum": "0312159b3336dd3ef6025528e90b945a"
        },
        {
          "type": "cssRules",
          "assetId": "OykvhkrX0v5d",
          "checksum": "0312159b3336dd3ef6025528e90b945a"
        },
        {
          "type": "renderModule",
          "assetId": "nZpmntJhyH4g",
          "checksum": "a45f7a7089abfd29d40bbb968da2e0d5"
        },
        {
          "type": "cssRules",
          "assetId": "nZpmntJhyH4g",
          "checksum": "a45f7a7089abfd29d40bbb968da2e0d5"
        },
        {
          "type": "renderModule",
          "assetId": "M_5UdzRD_RWf",
          "checksum": "77a3b29825b7c537ddc67362e0f38e86"
        },
        {
          "type": "cssRules",
          "assetId": "M_5UdzRD_RWf",
          "checksum": "77a3b29825b7c537ddc67362e0f38e86"
        },
        {
          "type": "renderModule",
          "assetId": "H71GqNuRnuvf",
          "checksum": "d1c16d1fe9cbcdd95efe8387056cd9df"
        },
        {
          "type": "cssRules",
          "assetId": "H71GqNuRnuvf",
          "checksum": "d1c16d1fe9cbcdd95efe8387056cd9df"
        },
        {
          "type": "renderModule",
          "assetId": "gcrrYCZCmlSP",
          "checksum": "2bb7be4b1b9ed378fc474d2cbc293429"
        },
        {
          "type": "cssRules",
          "assetId": "gcrrYCZCmlSP",
          "checksum": "2bb7be4b1b9ed378fc474d2cbc293429"
        },
        {
          "type": "renderModule",
          "assetId": "MklyFQo5z4ka",
          "checksum": "f469fea40974326a5ac339565a1c3cf3"
        },
        {
          "type": "cssRules",
          "assetId": "MklyFQo5z4ka",
          "checksum": "f469fea40974326a5ac339565a1c3cf3"
        },
        {
          "type": "renderModule",
          "assetId": "fRg30n4B4Ohi",
          "checksum": "0a8d3e913eae3a0397ac116e20eb54f8"
        },
        {
          "type": "cssRules",
          "assetId": "fRg30n4B4Ohi",
          "checksum": "0a8d3e913eae3a0397ac116e20eb54f8"
        },
        {
          "type": "renderModule",
          "assetId": "S_EBQgIRM_3d",
          "checksum": "f80173a4f3472aa52d299ab2160e7819"
        },
        {
          "type": "cssRules",
          "assetId": "S_EBQgIRM_3d",
          "checksum": "f80173a4f3472aa52d299ab2160e7819"
        },
        {
          "type": "renderModule",
          "assetId": "IgrWEnYVneqj",
          "checksum": "1c45dfbf578c5e557df5976d9e60ff46"
        },
        {
          "type": "cssRules",
          "assetId": "IgrWEnYVneqj",
          "checksum": "1c45dfbf578c5e557df5976d9e60ff46"
        },
        {
          "type": "renderModule",
          "assetId": "mRWUezJHZ2D_",
          "checksum": "8c0ecc1cacd22bf9cb5721ef19a9c2be"
        },
        {
          "type": "cssRules",
          "assetId": "mRWUezJHZ2D_",
          "checksum": "8c0ecc1cacd22bf9cb5721ef19a9c2be"
        },
        {
          "type": "icon",
          "assetId": "rDcw8KRZiMdK",
          "checksum": "0fcb71b06e92f18f5be300a82cd04641"
        },
        {
          "type": "icon",
          "assetId": "RGekcLhQNC1U",
          "checksum": "e91988b193f846b0ccc7ec96ee2a92a2"
        },
        {
          "type": "icon",
          "assetId": "c5UWw-qDzTzV",
          "checksum": "6b67f1b9b8e41c01bdc6e858b18afa4a"
        },
        {
          "type": "icon",
          "assetId": "MLGlyY-9Cbrq",
          "checksum": "fe6202c1af6d868e5db3bed06ad1fab5"
        },
        {
          "type": "icon",
          "assetId": "7IRQ_BOElDwM",
          "checksum": "18109c1fecb7aec381a1c9d29120969c"
        },
        {
          "type": "icon",
          "assetId": "LsYfkJIs0Vhd",
          "checksum": "0f6761487d943cdc37e10ad6346f83d1"
        },
        {
          "type": "icon",
          "assetId": "C0rNKGiZC4bd",
          "checksum": "ce567375911be15b95f63b82d108e68d"
        },
        {
          "type": "icon",
          "assetId": "mwrUPJ90flLn",
          "checksum": "1931d520fc1f6059b796f87e9af3df68"
        },
        {
          "type": "icon",
          "assetId": "D2zMCgb1oXfG",
          "checksum": "a2706805c997ea063623185fbe6ceaa2"
        },
        {
          "type": "image",
          "assetId": "LMJYOTceLbLm",
          "checksum": "4cb600273c2048faf703bd20197083a8"
        }
      ],
      "codegenVersion": "0.0.1"
    }
  ],
  "cliVersion": "0.1.340"
}
